
Microsoft Visual Studio Solution File, Format Version 12.00
# Visual Studio Version 16
VisualStudioVersion = 16.0.30320.27
MinimumVisualStudioVersion = 10.0.40219.1
Project("{8BC9CEB8-8B4A-11D0-8D11-00A0C91BC942}") = "AIGC", "AIGC.vcxproj", "{47C69D49-74E0-478C-9D14-BBBB622123EB}"
EndProject
Global
	GlobalSection(SolutionConfigurationPlatforms) = preSolution
		Debug|x64 = Debug|x64
		Debug|x86 = Debug|x86
		Release|x64 = Release|x64
		Release|x86 = Release|x86
	EndGlobalSection
	GlobalSection(ProjectConfigurationPlatforms) = postSolution
		{47C69D49-74E0-478C-9D14-BBBB622123EB}.Debug|x64.ActiveCfg = Debug|x64
		{47C69D49-74E0-478C-9D14-BBBB622123EB}.Debug|x64.Build.0 = Debug|x64
		{47C69D49-74E0-478C-9D14-BBBB622123EB}.Debug|x86.ActiveCfg = Debug|Win32
		{47C69D49-74E0-478C-9D14-BBBB622123EB}.Debug|x86.Build.0 = Debug|Win32
		{47C69D49-74E0-478C-9D14-BBBB622123EB}.Release|x64.ActiveCfg = Release|x64
		{47C69D49-74E0-478C-9D14-BBBB622123EB}.Release|x64.Build.0 = Release|x64
		{47C69D49-74E0-478C-9D14-BBBB622123EB}.Release|x86.ActiveCfg = Release|Win32
		{47C69D49-74E0-478C-9D14-BBBB622123EB}.Release|x86.Build.0 = Release|Win32
	EndGlobalSection
	GlobalSection(SolutionProperties) = preSolution
		HideSolutionNode = FALSE
	EndGlobalSection
	GlobalSection(ExtensibilityGlobals) = postSolution
		SolutionGuid = {5726AEA9-418E-41EB-8733-8A01D2D635FC}
	EndGlobalSection
EndGlobal
