<?xml version="1.0" encoding="utf-8"?>
<Project ToolsVersion="4.0" xmlns="http://schemas.microsoft.com/developer/msbuild/2003">
  <ItemGroup>
    <Filter Include="源文件">
      <UniqueIdentifier>{4FC737F1-C7A5-4376-A066-2A32D752A2FF}</UniqueIdentifier>
      <Extensions>cpp;c;cc;cxx;c++;cppm;ixx;def;odl;idl;hpj;bat;asm;asmx</Extensions>
    </Filter>
    <Filter Include="头文件">
      <UniqueIdentifier>{93995380-89BD-4b04-88EB-625FBE52EBFB}</UniqueIdentifier>
      <Extensions>h;hh;hpp;hxx;h++;hm;inl;inc;ipp;xsd</Extensions>
    </Filter>
    <Filter Include="资源文件">
      <UniqueIdentifier>{67DA6AB6-F800-4c08-8B7A-83BB121AAD01}</UniqueIdentifier>
      <Extensions>rc;ico;cur;bmp;dlg;rc2;rct;bin;rgs;gif;jpg;jpeg;jpe;resx;tiff;tif;png;wav;mfcribbon-ms</Extensions>
    </Filter>
  </ItemGroup>
  <ItemGroup>
    <ClInclude Include="..\include\HttpHelper.h">
      <Filter>头文件</Filter>
    </ClInclude>
    <ClInclude Include="..\include\JsonHelper.h">
      <Filter>头文件</Filter>
    </ClInclude>
    <ClInclude Include="..\include\StringHelper.h">
      <Filter>头文件</Filter>
    </ClInclude>
    <ClInclude Include="..\include\TimeHelper.h">
      <Filter>头文件</Filter>
    </ClInclude>
    <ClInclude Include="..\include\MathHelper.h">
      <Filter>头文件</Filter>
    </ClInclude>
    <ClInclude Include="..\include\PropertyHelper.h">
      <Filter>头文件</Filter>
    </ClInclude>
    <ClInclude Include="..\include\TypeHelper.h">
      <Filter>头文件</Filter>
    </ClInclude>
    <ClInclude Include="..\include\FileHelper.h">
      <Filter>头文件</Filter>
    </ClInclude>
    <ClInclude Include="..\include\GithubHelper.h">
      <Filter>头文件</Filter>
    </ClInclude>
    <ClInclude Include="..\include\HashHelper.h">
      <Filter>头文件</Filter>
    </ClInclude>
    <ClInclude Include="..\include\LogHelper.h">
      <Filter>头文件</Filter>
    </ClInclude>
    <ClInclude Include="..\include\M3u8Helper.h">
      <Filter>头文件</Filter>
    </ClInclude>
    <ClInclude Include="..\include\MutexHelper.h">
      <Filter>头文件</Filter>
    </ClInclude>
    <ClInclude Include="..\include\PathHelper.h">
      <Filter>头文件</Filter>
    </ClInclude>
    <ClInclude Include="..\include\QueueHelper.h">
      <Filter>头文件</Filter>
    </ClInclude>
    <ClInclude Include="..\include\RandomHelper.h">
      <Filter>头文件</Filter>
    </ClInclude>
    <ClInclude Include="..\include\SystemHelper.h">
      <Filter>头文件</Filter>
    </ClInclude>
    <ClInclude Include="..\include\ThreadHelper.h">
      <Filter>头文件</Filter>
    </ClInclude>
    <ClInclude Include="..\include\SocketHelper.h">
      <Filter>头文件</Filter>
    </ClInclude>
    <ClInclude Include="..\include\ThreadPoolHepler.h">
      <Filter>头文件</Filter>
    </ClInclude>
    <ClInclude Include="..\include\TaskHelper.h">
      <Filter>头文件</Filter>
    </ClInclude>
  </ItemGroup>
  <ItemGroup>
    <ClCompile Include="..\src\JsonHelper.cpp">
      <Filter>源文件</Filter>
    </ClCompile>
    <ClCompile Include="..\src\StringHelper.cpp">
      <Filter>源文件</Filter>
    </ClCompile>
    <ClCompile Include="..\src\TimeHelper.cpp">
      <Filter>源文件</Filter>
    </ClCompile>
    <ClCompile Include="..\src\MathHelper.cpp">
      <Filter>源文件</Filter>
    </ClCompile>
    <ClCompile Include="..\src\PropertyHelper.cpp">
      <Filter>源文件</Filter>
    </ClCompile>
    <ClCompile Include="..\src\TypeHelper.cpp">
      <Filter>源文件</Filter>
    </ClCompile>
    <ClCompile Include="..\src\FileHelper.cpp">
      <Filter>源文件</Filter>
    </ClCompile>
    <ClCompile Include="..\src\HashHelper.cpp">
      <Filter>源文件</Filter>
    </ClCompile>
    <ClCompile Include="..\src\PathHelper.cpp">
      <Filter>源文件</Filter>
    </ClCompile>
    <ClCompile Include="..\src\RandomHelper.cpp">
      <Filter>源文件</Filter>
    </ClCompile>
    <ClCompile Include="..\src\SystemHelper.cpp">
      <Filter>源文件</Filter>
    </ClCompile>
    <ClCompile Include="..\src\SocketHelper.cpp">
      <Filter>源文件</Filter>
    </ClCompile>
    <ClCompile Include="..\src\HttpHelper.cpp">
      <Filter>源文件</Filter>
    </ClCompile>
    <ClCompile Include="..\src\CRCHelper.cpp">
      <Filter>源文件</Filter>
    </ClCompile>
    <ClCompile Include="..\src\GithubHelper.cpp">
      <Filter>源文件</Filter>
    </ClCompile>
    <ClCompile Include="..\src\QueueHelper.cpp">
      <Filter>源文件</Filter>
    </ClCompile>
    <ClCompile Include="..\src\ThreadPoolHelper.cpp">
      <Filter>源文件</Filter>
    </ClCompile>
  </ItemGroup>
</Project>